// !$*UTF8*$!
{
	archiveVersion = 1;
	classes = {
	};
	objectVersion = 46;
	objects = {

/* Begin PBXBuildFile section */
		5C8E62021B20A60500FEDD18 /* main.m in Sources */ = {isa = PBXBuildFile; fileRef = 5C8E62011B20A60500FEDD18 /* main.m */; };
		5C8E62051B20A60500FEDD18 /* AppDelegate.m in Sources */ = {isa = PBXBuildFile; fileRef = 5C8E62041B20A60500FEDD18 /* AppDelegate.m */; };
		5C8E62081B20A60500FEDD18 /* BrowserViewController.m in Sources */ = {isa = PBXBuildFile; fileRef = 5C8E62071B20A60500FEDD18 /* BrowserViewController.m */; };
		5C8E620B1B20A60500FEDD18 /* Main.storyboard in Resources */ = {isa = PBXBuildFile; fileRef = 5C8E62091B20A60500FEDD18 /* Main.storyboard */; };
		5C8E620D1B20A60500FEDD18 /* Images.xcassets in Resources */ = {isa = PBXBuildFile; fileRef = 5C8E620C1B20A60500FEDD18 /* Images.xcassets */; };
		5C8E62101B20A60500FEDD18 /* LaunchScreen.xib in Resources */ = {isa = PBXBuildFile; fileRef = 5C8E620E1B20A60500FEDD18 /* LaunchScreen.xib */; };
		5C8E621C1B20A60500FEDD18 /* BrowserDemoTests.m in Sources */ = {isa = PBXBuildFile; fileRef = 5C8E621B1B20A60500FEDD18 /* BrowserDemoTests.m */; };
/* End PBXBuildFile section */

/* Begin PBXContainerItemProxy section */
		5C8E62161B20A60500FEDD18 /* PBXContainerItemProxy */ = {
			isa = PBXContainerItemProxy;
			containerPortal = 5C8E61F41B20A60500FEDD18 /* Project object */;
			proxyType = 1;
			remoteGlobalIDString = 5C8E61FB1B20A60500FEDD18;
			remoteInfo = BrowserDemo;
		};
/* End PBXContainerItemProxy section */

/* Begin PBXFileReference section */
		5C8E61FC1B20A60500FEDD18 /* BrowserDemo.app */ = {isa = PBXFileReference; explicitFileType = wrapper.application; includeInIndex = 0; path = BrowserDemo.app; sourceTree = BUILT_PRODUCTS_DIR; };
		5C8E62001B20A60500FEDD18 /* Info.plist */ = {isa = PBXFileReference; lastKnownFileType = text.plist.xml; path = Info.plist; sourceTree = "<group>"; };
		5C8E62011B20A60500FEDD18 /* main.m */ = {isa = PBXFileReference; lastKnownFileType = sourcecode.c.objc; path = main.m; sourceTree = "<group>"; };
		5C8E62031B20A60500FEDD18 /* AppDelegate.h */ = {isa = PBXFileReference; lastKnownFileType = sourcecode.c.h; path = AppDelegate.h; sourceTree = "<group>"; };
		5C8E62041B20A60500FEDD18 /* AppDelegate.m */ = {isa = PBXFileReference; lastKnownFileType = sourcecode.c.objc; path = AppDelegate.m; sourceTree = "<group>"; };
		5C8E62061B20A60500FEDD18 /* BrowserViewController.h */ = {isa = PBXFileReference; lastKnownFileType = sourcecode.c.h; path = BrowserViewController.h; sourceTree = "<group>"; };
		5C8E62071B20A60500FEDD18 /* BrowserViewController.m */ = {isa = PBXFileReference; lastKnownFileType = sourcecode.c.objc; path = BrowserViewController.m; sourceTree = "<group>"; };
		5C8E620A1B20A60500FEDD18 /* Base */ = {isa = PBXFileReference; lastKnownFileType = file.storyboard; name = Base; path = Base.lproj/Main.storyboard; sourceTree = "<group>"; };
		5C8E620C1B20A60500FEDD18 /* Images.xcassets */ = {isa = PBXFileReference; lastKnownFileType = folder.assetcatalog; path = Images.xcassets; sourceTree = "<group>"; };
		5C8E620F1B20A60500FEDD18 /* Base */ = {isa = PBXFileReference; lastKnownFileType = file.xib; name = Base; path = Base.lproj/LaunchScreen.xib; sourceTree = "<group>"; };
		5C8E62151B20A60500FEDD18 /* BrowserDemoTests.xctest */ = {isa = PBXFileReference; explicitFileType = wrapper.cfbundle; includeInIndex = 0; path = BrowserDemoTests.xctest; sourceTree = BUILT_PRODUCTS_DIR; };
		5C8E621A1B20A60500FEDD18 /* Info.plist */ = {isa = PBXFileReference; lastKnownFileType = text.plist.xml; path = Info.plist; sourceTree = "<group>"; };
		5C8E621B1B20A60500FEDD18 /* BrowserDemoTests.m */ = {isa = PBXFileReference; lastKnownFileType = sourcecode.c.objc; path = BrowserDemoTests.m; sourceTree = "<group>"; };
/* End PBXFileReference section */

/* Begin PBXFrameworksBuildPhase section */
		5C8E61F91B20A60500FEDD18 /* Frameworks */ = {
			isa = PBXFrameworksBuildPhase;
			buildActionMask = 2147483647;
			files = (
			);
			runOnlyForDeploymentPostprocessing = 0;
		};
		5C8E62121B20A60500FEDD18 /* Frameworks */ = {
			isa = PBXFrameworksBuildPhase;
			buildActionMask = 2147483647;
			files = (
			);
			runOnlyForDeploymentPostprocessing = 0;
		};
/* End PBXFrameworksBuildPhase section */

/* Begin PBXGroup section */
		5C8E61F31B20A60500FEDD18 = {
			isa = PBXGroup;
			children = (
				5C8E61FE1B20A60500FEDD18 /* BrowserDemo */,
				5C8E62181B20A60500FEDD18 /* BrowserDemoTests */,
				5C8E61FD1B20A60500FEDD18 /* Products */,
			);
			sourceTree = "<group>";
		};
		5C8E61FD1B20A60500FEDD18 /* Products */ = {
			isa = PBXGroup;
			children = (
				5C8E61FC1B20A60500FEDD18 /* BrowserDemo.app */,
				5C8E62151B20A60500FEDD18 /* BrowserDemoTests.xctest */,
			);
			name = Products;
			sourceTree = "<group>";
		};
		5C8E61FE1B20A60500FEDD18 /* BrowserDemo */ = {
			isa = PBXGroup;
			children = (
				5C8E62031B20A60500FEDD18 /* AppDelegate.h */,
				5C8E62041B20A60500FEDD18 /* AppDelegate.m */,
				5C8E62061B20A60500FEDD18 /* BrowserViewController.h */,
				5C8E62071B20A60500FEDD18 /* BrowserViewController.m */,
				5C8E62091B20A60500FEDD18 /* Main.storyboard */,
				5C8E620C1B20A60500FEDD18 /* Images.xcassets */,
				5C8E620E1B20A60500FEDD18 /* LaunchScreen.xib */,
				5C8E61FF1B20A60500FEDD18 /* Supporting Files */,
			);
			path = BrowserDemo;
			sourceTree = "<group>";
		};
		5C8E61FF1B20A60500FEDD18 /* Supporting Files */ = {
			isa = PBXGroup;
			children = (
				5C8E62001B20A60500FEDD18 /* Info.plist */,
				5C8E62011B20A60500FEDD18 /* main.m */,
			);
			name = "Supporting Files";
			sourceTree = "<group>";
		};
		5C8E62181B20A60500FEDD18 /* BrowserDemoTests */ = {
			isa = PBXGroup;
			children = (
				5C8E621B1B20A60500FEDD18 /* BrowserDemoTests.m */,
				5C8E62191B20A60500FEDD18 /* Supporting Files */,
			);
			path = BrowserDemoTests;
			sourceTree = "<group>";
		};
		5C8E62191B20A60500FEDD18 /* Supporting Files */ = {
			isa = PBXGroup;
			children = (
				5C8E621A1B20A60500FEDD18 /* Info.plist */,
			);
			name = "Supporting Files";
			sourceTree = "<group>";
		};
/* End PBXGroup section */

/* Begin PBXNativeTarget section */
		5C8E61FB1B20A60500FEDD18 /* BrowserDemo */ = {
			isa = PBXNativeTarget;
			buildConfigurationList = 5C8E621F1B20A60500FEDD18 /* Build configuration list for PBXNativeTarget "BrowserDemo" */;
			buildPhases = (
				5C8E61F81B20A60500FEDD18 /* Sources */,
				5C8E61F91B20A60500FEDD18 /* Frameworks */,
				5C8E61FA1B20A60500FEDD18 /* Resources */,
			);
			buildRules = (
			);
			dependencies = (
			);
			name = BrowserDemo;
			productName = BrowserDemo;
			productReference = 5C8E61FC1B20A60500FEDD18 /* BrowserDemo.app */;
			productType = "com.apple.product-type.application";
		};
		5C8E62141B20A60500FEDD18 /* BrowserDemoTests */ = {
			isa = PBXNativeTarget;
			buildConfigurationList = 5C8E62221B20A60500FEDD18 /* Build configuration list for PBXNativeTarget "BrowserDemoTests" */;
			buildPhases = (
				5C8E62111B20A60500FEDD18 /* Sources */,
				5C8E62121B20A60500FEDD18 /* Frameworks */,
				5C8E62131B20A60500FEDD18 /* Resources */,
			);
			buildRules = (
			);
			dependencies = (
				5C8E62171B20A60500FEDD18 /* PBXTargetDependency */,
			);
			name = BrowserDemoTests;
			productName = BrowserDemoTests;
			productReference = 5C8E62151B20A60500FEDD18 /* BrowserDemoTests.xctest */;
			productType = "com.apple.product-type.bundle.unit-test";
		};
/* End PBXNativeTarget section */

/* Begin PBXProject section */
		5C8E61F41B20A60500FEDD18 /* Project object */ = {
			isa = PBXProject;
			attributes = {
				LastUpgradeCheck = 0610;
				ORGANIZATIONNAME = "Bryan Wagner";
				TargetAttributes = {
					5C8E61FB1B20A60500FEDD18 = {
						CreatedOnToolsVersion = 6.1.1;
					};
					5C8E62141B20A60500FEDD18 = {
						CreatedOnToolsVersion = 6.1.1;
						TestTargetID = 5C8E61FB1B20A60500FEDD18;
					};
				};
			};
			buildConfigurationList = 5C8E61F71B20A60500FEDD18 /* Build configuration list for PBXProject "BrowserDemo" */;
			compatibilityVersion = "Xcode 3.2";
			developmentRegion = English;
			hasScannedForEncodings = 0;
			knownRegions = (
				en,
				Base,
			);
			mainGroup = 5C8E61F31B20A60500FEDD18;
			productRefGroup = 5C8E61FD1B20A60500FEDD18 /* Products */;
			projectDirPath = "";
			projectRoot = "";
			targets = (
				5C8E61FB1B20A60500FEDD18 /* BrowserDemo */,
				5C8E62141B20A60500FEDD18 /* BrowserDemoTests */,
			);
		};
/* End PBXProject section */

/* Begin PBXResourcesBuildPhase section */
		5C8E61FA1B20A60500FEDD18 /* Resources */ = {
			isa = PBXResourcesBuildPhase;
			buildActionMask = 2147483647;
			files = (
				5C8E620B1B20A60500FEDD18 /* Main.storyboard in Resources */,
				5C8E62101B20A60500FEDD18 /* LaunchScreen.xib in Resources */,
				5C8E620D1B20A60500FEDD18 /* Images.xcassets in Resources */,
			);
			runOnlyForDeploymentPostprocessing = 0;
		};
		5C8E62131B20A60500FEDD18 /* Resources */ = {
			isa = PBXResourcesBuildPhase;
			buildActionMask = 2147483647;
			files = (
			);
			runOnlyForDeploymentPostprocessing = 0;
		};
/* End PBXResourcesBuildPhase section */

/* Begin PBXSourcesBuildPhase section */
		5C8E61F81B20A60500FEDD18 /* Sources */ = {
			isa = PBXSourcesBuildPhase;
			buildActionMask = 2147483647;
			files = (
				5C8E62081B20A60500FEDD18 /* BrowserViewController.m in Sources */,
				5C8E62051B20A60500FEDD18 /* AppDelegate.m in Sources */,
				5C8E62021B20A60500FEDD18 /* main.m in Sources */,
			);
			runOnlyForDeploymentPostprocessing = 0;
		};
		5C8E62111B20A60500FEDD18 /* Sources */ = {
			isa = PBXSourcesBuildPhase;
			buildActionMask = 2147483647;
			files = (
				5C8E621C1B20A60500FEDD18 /* BrowserDemoTests.m in Sources */,
			);
			runOnlyForDeploymentPostprocessing = 0;
		};
/* End PBXSourcesBuildPhase section */

/* Begin PBXTargetDependency section */
		5C8E62171B20A60500FEDD18 /* PBXTargetDependency */ = {
			isa = PBXTargetDependency;
			target = 5C8E61FB1B20A60500FEDD18 /* BrowserDemo */;
			targetProxy = 5C8E62161B20A60500FEDD18 /* PBXContainerItemProxy */;
		};
/* End PBXTargetDependency section */

/* Begin PBXVariantGroup section */
		5C8E62091B20A60500FEDD18 /* Main.storyboard */ = {
			isa = PBXVariantGroup;
			children = (
				5C8E620A1B20A60500FEDD18 /* Base */,
			);
			name = Main.storyboard;
			sourceTree = "<group>";
		};
		5C8E620E1B20A60500FEDD18 /* LaunchScreen.xib */ = {
			isa = PBXVariantGroup;
			children = (
				5C8E620F1B20A60500FEDD18 /* Base */,
			);
			name = LaunchScreen.xib;
			sourceTree = "<group>";
		};
/* End PBXVariantGroup section */

/* Begin XCBuildConfiguration section */
		5C8E621D1B20A60500FEDD18 /* Debug */ = {
			isa = XCBuildConfiguration;
			buildSettings = {
				ALWAYS_SEARCH_USER_PATHS = NO;
				CLANG_CXX_LANGUAGE_STANDARD = "gnu++0x";
				CLANG_CXX_LIBRARY = "libc++";
				CLANG_ENABLE_MODULES = YES;
				CLANG_ENABLE_OBJC_ARC = YES;
				CLANG_WARN_BOOL_CONVERSION = YES;
				CLANG_WARN_CONSTANT_CONVERSION = YES;
				CLANG_WARN_DIRECT_OBJC_ISA_USAGE = YES_ERROR;
				CLANG_WARN_EMPTY_BODY = YES;
				CLANG_WARN_ENUM_CONVERSION = YES;
				CLANG_WARN_INT_CONVERSION = YES;
				CLANG_WARN_OBJC_ROOT_CLASS = YES_ERROR;
				CLANG_WARN_UNREACHABLE_CODE = YES;
				CLANG_WARN__DUPLICATE_METHOD_MATCH = YES;
				"CODE_SIGN_IDENTITY[sdk=iphoneos*]" = "iPhone Developer";
				COPY_PHASE_STRIP = NO;
				ENABLE_STRICT_OBJC_MSGSEND = YES;
				GCC_C_LANGUAGE_STANDARD = gnu99;
				GCC_DYNAMIC_NO_PIC = NO;
				GCC_OPTIMIZATION_LEVEL = 0;
				GCC_PREPROCESSOR_DEFINITIONS = (
					"DEBUG=1",
					"$(inherited)",
				);
				GCC_SYMBOLS_PRIVATE_EXTERN = NO;
				GCC_WARN_64_TO_32_BIT_CONVERSION = YES;
				GCC_WARN_ABOUT_RETURN_TYPE = YES_ERROR;
				GCC_WARN_UNDECLARED_SELECTOR = YES;
				GCC_WARN_UNINITIALIZED_AUTOS = YES_AGGRESSIVE;
				GCC_WARN_UNUSED_FUNCTION = YES;
				GCC_WARN_UNUSED_VARIABLE = YES;
				IPHONEOS_DEPLOYMENT_TARGET = 8.1;
				MTL_ENABLE_DEBUG_INFO = YES;
				ONLY_ACTIVE_ARCH = YES;
				SDKROOT = iphoneos;
				TARGETED_DEVICE_FAMILY = "1,2";
			};
			name = Debug;
		};
		5C8E621E1B20A60500FEDD18 /* Release */ = {
			isa = XCBuildConfiguration;
			buildSettings = {
				ALWAYS_SEARCH_USER_PATHS = NO;
				CLANG_CXX_LANGUAGE_STANDARD = "gnu++0x";
				CLANG_CXX_LIBRARY = "libc++";
				CLANG_ENABLE_MODULES = YES;
				CLANG_ENABLE_OBJC_ARC = YES;
				CLANG_WARN_BOOL_CONVERSION = YES;
				CLANG_WARN_CONSTANT_CONVERSION = YES;
				CLANG_WARN_DIRECT_OBJC_ISA_USAGE = YES_ERROR;
				CLANG_WARN_EMPTY_BODY = YES;
				CLANG_WARN_ENUM_CONVERSION = YES;
				CLANG_WARN_INT_CONVERSION = YES;
				CLANG_WARN_OBJC_ROOT_CLASS = YES_ERROR;
				CLANG_WARN_UNREACHABLE_CODE = YES;
				CLANG_WARN__DUPLICATE_METHOD_MATCH = YES;
				"CODE_SIGN_IDENTITY[sdk=iphoneos*]" = "iPhone Developer";
				COPY_PHASE_STRIP = YES;
				ENABLE_NS_ASSERTIONS = NO;
				ENABLE_STRICT_OBJC_MSGSEND = YES;
				GCC_C_LANGUAGE_STANDARD = gnu99;
				GCC_WARN_64_TO_32_BIT_CONVERSION = YES;
				GCC_WARN_ABOUT_RETURN_TYPE = YES_ERROR;
				GCC_WARN_UNDECLARED_SELECTOR = YES;
				GCC_WARN_UNINITIALIZED_AUTOS = YES_AGGRESSIVE;
				GCC_WARN_UNUSED_FUNCTION = YES;
				GCC_WARN_UNUSED_VARIABLE = YES;
				IPHONEOS_DEPLOYMENT_TARGET = 8.1;
				MTL_ENABLE_DEBUG_INFO = NO;
				SDKROOT = iphoneos;
				TARGETED_DEVICE_FAMILY = "1,2";
				VALIDATE_PRODUCT = YES;
			};
			name = Release;
		};
		5C8E62201B20A60500FEDD18 /* Debug */ = {
			isa = XCBuildConfiguration;
			buildSettings = {
				ASSETCATALOG_COMPILER_APPICON_NAME = AppIcon;
				INFOPLIST_FILE = BrowserDemo/Info.plist;
				IPHONEOS_DEPLOYMENT_TARGET = 7.0;
				LD_RUNPATH_SEARCH_PATHS = "$(inherited) @executable_path/Frameworks";
				PRODUCT_NAME = "$(TARGET_NAME)";
			};
			name = Debug;
		};
		5C8E62211B20A60500FEDD18 /* Release */ = {
			isa = XCBuildConfiguration;
			buildSettings = {
				ASSETCATALOG_COMPILER_APPICON_NAME = AppIcon;
				INFOPLIST_FILE = BrowserDemo/Info.plist;
				IPHONEOS_DEPLOYMENT_TARGET = 7.0;
				LD_RUNPATH_SEARCH_PATHS = "$(inherited) @executable_path/Frameworks";
				PRODUCT_NAME = "$(TARGET_NAME)";
			};
			name = Release;
		};
		5C8E62231B20A60500FEDD18 /* Debug */ = {
			isa = XCBuildConfiguration;
			buildSettings = {
				BUNDLE_LOADER = "$(TEST_HOST)";
				FRAMEWORK_SEARCH_PATHS = (
					"$(SDKROOT)/Developer/Library/Frameworks",
					"$(inherited)",
				);
				GCC_PREPROCESSOR_DEFINITIONS = (
					"DEBUG=1",
					"$(inherited)",
				);
				INFOPLIST_FILE = BrowserDemoTests/Info.plist;
				LD_RUNPATH_SEARCH_PATHS = "$(inherited) @executable_path/Frameworks @loader_path/Frameworks";
				PRODUCT_NAME = "$(TARGET_NAME)";
				TEST_HOST = "$(BUILT_PRODUCTS_DIR)/BrowserDemo.app/BrowserDemo";
			};
			name = Debug;
		};
		5C8E62241B20A60500FEDD18 /* Release */ = {
			isa = XCBuildConfiguration;
			buildSettings = {
				BUNDLE_LOADER = "$(TEST_HOST)";
				FRAMEWORK_SEARCH_PATHS = (
					"$(SDKROOT)/Developer/Library/Frameworks",
					"$(inherited)",
				);
				INFOPLIST_FILE = BrowserDemoTests/Info.plist;
				LD_RUNPATH_SEARCH_PATHS = "$(inherited) @executable_path/Frameworks @loader_path/Frameworks";
				PRODUCT_NAME = "$(TARGET_NAME)";
				TEST_HOST = "$(BUILT_PRODUCTS_DIR)/BrowserDemo.app/BrowserDemo";
			};
			name = Release;
		};
/* End XCBuildConfiguration section */

/* Begin XCConfigurationList section */
		5C8E61F71B20A60500FEDD18 /* Build configuration list for PBXProject "BrowserDemo" */ = {
			isa = XCConfigurationList;
			buildConfigurations = (
				5C8E621D1B20A60500FEDD18 /* Debug */,
				5C8E621E1B20A60500FEDD18 /* Release */,
			);
			defaultConfigurationIsVisible = 0;
			defaultConfigurationName = Release;
		};
		5C8E621F1B20A60500FEDD18 /* Build configuration list for PBXNativeTarget "BrowserDemo" */ = {
			isa = XCConfigurationList;
			buildConfigurations = (
				5C8E62201B20A60500FEDD18 /* Debug */,
				5C8E62211B20A60500FEDD18 /* Release */,
			);
			defaultConfigurationIsVisible = 0;
		};
		5C8E62221B20A60500FEDD18 /* Build configuration list for PBXNativeTarget "BrowserDemoTests" */ = {
			isa = XCConfigurationList;
			buildConfigurations = (
				5C8E62231B20A60500FEDD18 /* Debug */,
				5C8E62241B20A60500FEDD18 /* Release */,
			);
			defaultConfigurationIsVisible = 0;
		};
/* End XCConfigurationList section */
	};
	rootObject = 5C8E61F41B20A60500FEDD18 /* Project object */;
}
